// !$*UTF8*$!
{
	archiveVersion = 1;
	classes = {
	};
	objectVersion = 50;
	objects = {

/* Begin PBXBuildFile section */
		3D07EDF5220F14260058D942 /* AppDelegate.swift in Sources */ = {isa = PBXBuildFile; fileRef = 3D07EDF4220F14260058D942 /* AppDelegate.swift */; };
		3D07EDFC220F14280058D942 /* Assets.xcassets in Resources */ = {isa = PBXBuildFile; fileRef = 3D07EDFB220F14280058D942 /* Assets.xcassets */; };
		3D07EDFF220F14280058D942 /* LaunchScreen.storyboard in Resources */ = {isa = PBXBuildFile; fileRef = 3D07EDFD220F14280058D942 /* LaunchScreen.storyboard */; };
		3D07EE0A220F14280058D942 /* SwipeableViewTests.swift in Sources */ = {isa = PBXBuildFile; fileRef = 3D07EE09220F14280058D942 /* SwipeableViewTests.swift */; };
		3D07EE15220F14280058D942 /* SwipeableViewUITests.swift in Sources */ = {isa = PBXBuildFile; fileRef = 3D07EE14220F14280058D942 /* SwipeableViewUITests.swift */; };
		3D35FF6624545DC700D2E82B /* CircularView.swift in Sources */ = {isa = PBXBuildFile; fileRef = 3D35FF6424545DC700D2E82B /* CircularView.swift */; };
		3D35FF6B245460E600D2E82B /* HeaderHomeView.swift in Sources */ = {isa = PBXBuildFile; fileRef = 3D35FF69245460E600D2E82B /* HeaderHomeView.swift */; };
		3D35FF6C245460E600D2E82B /* HeaderHomeView.xib in Resources */ = {isa = PBXBuildFile; fileRef = 3D35FF6A245460E600D2E82B /* HeaderHomeView.xib */; };
		3D4150982455666000EDD09C /* SwipeableCardView.swift in Sources */ = {isa = PBXBuildFile; fileRef = 3D4150972455666000EDD09C /* SwipeableCardView.swift */; };
		3D41509C2455724700EDD09C /* CardViewCell.swift in Sources */ = {isa = PBXBuildFile; fileRef = 3D41509A2455724700EDD09C /* CardViewCell.swift */; };
		3D41509D2455724700EDD09C /* CardViewCell.xib in Resources */ = {isa = PBXBuildFile; fileRef = 3D41509B2455724700EDD09C /* CardViewCell.xib */; };
		5E0A55CA2336615E00A72FE9 /* TabBarController.swift in Sources */ = {isa = PBXBuildFile; fileRef = 5E0A55C92336615E00A72FE9 /* TabBarController.swift */; };
		5E0A55CE2336622500A72FE9 /* HomeViewController.swift in Sources */ = {isa = PBXBuildFile; fileRef = 5E0A55CC2336622500A72FE9 /* HomeViewController.swift */; };
		5E0A55CF2336622500A72FE9 /* HomeViewController.xib in Resources */ = {isa = PBXBuildFile; fileRef = 5E0A55CD2336622500A72FE9 /* HomeViewController.xib */; };
		5E0A55D52336624000A72FE9 /* ProfileViewController.swift in Sources */ = {isa = PBXBuildFile; fileRef = 5E0A55D32336624000A72FE9 /* ProfileViewController.swift */; };
		5E0A55D62336624000A72FE9 /* ProfileViewController.xib in Resources */ = {isa = PBXBuildFile; fileRef = 5E0A55D42336624000A72FE9 /* ProfileViewController.xib */; };
		5E0A55F223366B9300A72FE9 /* CardView.swift in Sources */ = {isa = PBXBuildFile; fileRef = 5E0A55F023366B9300A72FE9 /* CardView.swift */; };
		5E0A55F323366B9300A72FE9 /* CardView.xib in Resources */ = {isa = PBXBuildFile; fileRef = 5E0A55F123366B9300A72FE9 /* CardView.xib */; };
		5E70380C23376F29000FB048 /* ScreenViewController.swift in Sources */ = {isa = PBXBuildFile; fileRef = 5E70380A23376F29000FB048 /* ScreenViewController.swift */; };
		5E70380D23376F29000FB048 /* ScreenViewController.xib in Resources */ = {isa = PBXBuildFile; fileRef = 5E70380B23376F29000FB048 /* ScreenViewController.xib */; };
		5E70381023378143000FB048 /* PagedStreamView.swift in Sources */ = {isa = PBXBuildFile; fileRef = 5E70380F23378143000FB048 /* PagedStreamView.swift */; };
/* End PBXBuildFile section */

/* Begin PBXContainerItemProxy section */
		3D07EE06220F14280058D942 /* PBXContainerItemProxy */ = {
			isa = PBXContainerItemProxy;
			containerPortal = 3D07EDE9220F14250058D942 /* Project object */;
			proxyType = 1;
			remoteGlobalIDString = 3D07EDF0220F14250058D942;
			remoteInfo = SwipeableView;
		};
		3D07EE11220F14280058D942 /* PBXContainerItemProxy */ = {
			isa = PBXContainerItemProxy;
			containerPortal = 3D07EDE9220F14250058D942 /* Project object */;
			proxyType = 1;
			remoteGlobalIDString = 3D07EDF0220F14250058D942;
			remoteInfo = SwipeableView;
		};
/* End PBXContainerItemProxy section */

/* Begin PBXFileReference section */
		3D07EDF1220F14250058D942 /* SwipeableView.app */ = {isa = PBXFileReference; explicitFileType = wrapper.application; includeInIndex = 0; path = SwipeableView.app; sourceTree = BUILT_PRODUCTS_DIR; };
		3D07EDF4220F14260058D942 /* AppDelegate.swift */ = {isa = PBXFileReference; indentWidth = 4; lastKnownFileType = sourcecode.swift; path = AppDelegate.swift; sourceTree = "<group>"; tabWidth = 4; };
		3D07EDFB220F14280058D942 /* Assets.xcassets */ = {isa = PBXFileReference; lastKnownFileType = folder.assetcatalog; path = Assets.xcassets; sourceTree = "<group>"; };
		3D07EDFE220F14280058D942 /* Base */ = {isa = PBXFileReference; lastKnownFileType = file.storyboard; name = Base; path = Base.lproj/LaunchScreen.storyboard; sourceTree = "<group>"; };
		3D07EE00220F14280058D942 /* Info.plist */ = {isa = PBXFileReference; lastKnownFileType = text.plist.xml; path = Info.plist; sourceTree = "<group>"; };
		3D07EE05220F14280058D942 /* SwipeableViewTests.xctest */ = {isa = PBXFileReference; explicitFileType = wrapper.cfbundle; includeInIndex = 0; path = SwipeableViewTests.xctest; sourceTree = BUILT_PRODUCTS_DIR; };
		3D07EE09220F14280058D942 /* SwipeableViewTests.swift */ = {isa = PBXFileReference; lastKnownFileType = sourcecode.swift; path = SwipeableViewTests.swift; sourceTree = "<group>"; };
		3D07EE0B220F14280058D942 /* Info.plist */ = {isa = PBXFileReference; lastKnownFileType = text.plist.xml; path = Info.plist; sourceTree = "<group>"; };
		3D07EE10220F14280058D942 /* SwipeableViewUITests.xctest */ = {isa = PBXFileReference; explicitFileType = wrapper.cfbundle; includeInIndex = 0; path = SwipeableViewUITests.xctest; sourceTree = BUILT_PRODUCTS_DIR; };
		3D07EE14220F14280058D942 /* SwipeableViewUITests.swift */ = {isa = PBXFileReference; lastKnownFileType = sourcecode.swift; path = SwipeableViewUITests.swift; sourceTree = "<group>"; };
		3D07EE16220F14280058D942 /* Info.plist */ = {isa = PBXFileReference; lastKnownFileType = text.plist.xml; path = Info.plist; sourceTree = "<group>"; };
		3D35FF6424545DC700D2E82B /* CircularView.swift */ = {isa = PBXFileReference; lastKnownFileType = sourcecode.swift; path = CircularView.swift; sourceTree = "<group>"; };
		3D35FF69245460E600D2E82B /* HeaderHomeView.swift */ = {isa = PBXFileReference; lastKnownFileType = sourcecode.swift; path = HeaderHomeView.swift; sourceTree = "<group>"; };
		3D35FF6A245460E600D2E82B /* HeaderHomeView.xib */ = {isa = PBXFileReference; lastKnownFileType = file.xib; path = HeaderHomeView.xib; sourceTree = "<group>"; };
		3D4150972455666000EDD09C /* SwipeableCardView.swift */ = {isa = PBXFileReference; lastKnownFileType = sourcecode.swift; path = SwipeableCardView.swift; sourceTree = "<group>"; };
		3D41509A2455724700EDD09C /* CardViewCell.swift */ = {isa = PBXFileReference; lastKnownFileType = sourcecode.swift; path = CardViewCell.swift; sourceTree = "<group>"; };
		3D41509B2455724700EDD09C /* CardViewCell.xib */ = {isa = PBXFileReference; lastKnownFileType = file.xib; path = CardViewCell.xib; sourceTree = "<group>"; };
		5E0A55C92336615E00A72FE9 /* TabBarController.swift */ = {isa = PBXFileReference; lastKnownFileType = sourcecode.swift; path = TabBarController.swift; sourceTree = "<group>"; };
		5E0A55CC2336622500A72FE9 /* HomeViewController.swift */ = {isa = PBXFileReference; indentWidth = 2; lastKnownFileType = sourcecode.swift; path = HomeViewController.swift; sourceTree = "<group>"; tabWidth = 2; };
		5E0A55CD2336622500A72FE9 /* HomeViewController.xib */ = {isa = PBXFileReference; lastKnownFileType = file.xib; path = HomeViewController.xib; sourceTree = "<group>"; };
		5E0A55D32336624000A72FE9 /* ProfileViewController.swift */ = {isa = PBXFileReference; indentWidth = 4; lastKnownFileType = sourcecode.swift; path = ProfileViewController.swift; sourceTree = "<group>"; tabWidth = 4; };
		5E0A55D42336624000A72FE9 /* ProfileViewController.xib */ = {isa = PBXFileReference; lastKnownFileType = file.xib; path = ProfileViewController.xib; sourceTree = "<group>"; };
		5E0A55F023366B9300A72FE9 /* CardView.swift */ = {isa = PBXFileReference; lastKnownFileType = sourcecode.swift; path = CardView.swift; sourceTree = "<group>"; };
		5E0A55F123366B9300A72FE9 /* CardView.xib */ = {isa = PBXFileReference; lastKnownFileType = file.xib; path = CardView.xib; sourceTree = "<group>"; };
		5E70380A23376F29000FB048 /* ScreenViewController.swift */ = {isa = PBXFileReference; indentWidth = 4; lastKnownFileType = sourcecode.swift; path = ScreenViewController.swift; sourceTree = "<group>"; tabWidth = 4; };
		5E70380B23376F29000FB048 /* ScreenViewController.xib */ = {isa = PBXFileReference; lastKnownFileType = file.xib; path = ScreenViewController.xib; sourceTree = "<group>"; };
		5E70380F23378143000FB048 /* PagedStreamView.swift */ = {isa = PBXFileReference; lastKnownFileType = sourcecode.swift; path = PagedStreamView.swift; sourceTree = "<group>"; };
/* End PBXFileReference section */

/* Begin PBXFrameworksBuildPhase section */
		3D07EDEE220F14250058D942 /* Frameworks */ = {
			isa = PBXFrameworksBuildPhase;
			buildActionMask = 2147483647;
			files = (
			);
			runOnlyForDeploymentPostprocessing = 0;
		};
		3D07EE02220F14280058D942 /* Frameworks */ = {
			isa = PBXFrameworksBuildPhase;
			buildActionMask = 2147483647;
			files = (
			);
			runOnlyForDeploymentPostprocessing = 0;
		};
		3D07EE0D220F14280058D942 /* Frameworks */ = {
			isa = PBXFrameworksBuildPhase;
			buildActionMask = 2147483647;
			files = (
			);
			runOnlyForDeploymentPostprocessing = 0;
		};
/* End PBXFrameworksBuildPhase section */

/* Begin PBXGroup section */
		3D07EDE8220F14250058D942 = {
			isa = PBXGroup;
			children = (
				3D07EDF3220F14250058D942 /* SwipeableView */,
				3D07EE08220F14280058D942 /* SwipeableViewTests */,
				3D07EE13220F14280058D942 /* SwipeableViewUITests */,
				3D07EDF2220F14250058D942 /* Products */,
			);
			sourceTree = "<group>";
		};
		3D07EDF2220F14250058D942 /* Products */ = {
			isa = PBXGroup;
			children = (
				3D07EDF1220F14250058D942 /* SwipeableView.app */,
				3D07EE05220F14280058D942 /* SwipeableViewTests.xctest */,
				3D07EE10220F14280058D942 /* SwipeableViewUITests.xctest */,
			);
			name = Products;
			sourceTree = "<group>";
		};
		3D07EDF3220F14250058D942 /* SwipeableView */ = {
			isa = PBXGroup;
			children = (
				3D07EDF4220F14260058D942 /* AppDelegate.swift */,
				5E70380E23378133000FB048 /* Protocol */,
				3D35FF6224545D8D00D2E82B /* Components */,
				3D35FF6324545DA100D2E82B /* Controller */,
				5E0A55C82336614700A72FE9 /* Resources */,
			);
			path = SwipeableView;
			sourceTree = "<group>";
		};
		3D07EE08220F14280058D942 /* SwipeableViewTests */ = {
			isa = PBXGroup;
			children = (
				3D07EE09220F14280058D942 /* SwipeableViewTests.swift */,
				3D07EE0B220F14280058D942 /* Info.plist */,
			);
			path = SwipeableViewTests;
			sourceTree = "<group>";
		};
		3D07EE13220F14280058D942 /* SwipeableViewUITests */ = {
			isa = PBXGroup;
			children = (
				3D07EE14220F14280058D942 /* SwipeableViewUITests.swift */,
				3D07EE16220F14280058D942 /* Info.plist */,
			);
			path = SwipeableViewUITests;
			sourceTree = "<group>";
		};
		3D35FF6124545D7D00D2E82B /* CircularView */ = {
			isa = PBXGroup;
			children = (
				3D35FF6424545DC700D2E82B /* CircularView.swift */,
			);
			path = CircularView;
			sourceTree = "<group>";
		};
		3D35FF6224545D8D00D2E82B /* Components */ = {
			isa = PBXGroup;
			children = (
				3D4150962455664C00EDD09C /* SwipeableCard */,
				3D35FF68245460D800D2E82B /* HeaderHome */,
				5E0A55F42336710400A72FE9 /* CardView */,
				3D35FF6124545D7D00D2E82B /* CircularView */,
			);
			path = Components;
			sourceTree = "<group>";
		};
		3D35FF6324545DA100D2E82B /* Controller */ = {
			isa = PBXGroup;
			children = (
				5E0A55C92336615E00A72FE9 /* TabBarController.swift */,
				5E0A55D12336622D00A72FE9 /* Home */,
				5E0A55D22336623400A72FE9 /* Profile */,
			);
			path = Controller;
			sourceTree = "<group>";
		};
		3D35FF68245460D800D2E82B /* HeaderHome */ = {
			isa = PBXGroup;
			children = (
				3D35FF69245460E600D2E82B /* HeaderHomeView.swift */,
				3D35FF6A245460E600D2E82B /* HeaderHomeView.xib */,
			);
			path = HeaderHome;
			sourceTree = "<group>";
		};
		3D4150962455664C00EDD09C /* SwipeableCard */ = {
			isa = PBXGroup;
			children = (
				3D4150992455722B00EDD09C /* Cell */,
				3D4150972455666000EDD09C /* SwipeableCardView.swift */,
			);
			path = SwipeableCard;
			sourceTree = "<group>";
		};
		3D4150992455722B00EDD09C /* Cell */ = {
			isa = PBXGroup;
			children = (
				3D41509A2455724700EDD09C /* CardViewCell.swift */,
				3D41509B2455724700EDD09C /* CardViewCell.xib */,
			);
			path = Cell;
			sourceTree = "<group>";
		};
		5E0A55C82336614700A72FE9 /* Resources */ = {
			isa = PBXGroup;
			children = (
				3D07EDFB220F14280058D942 /* Assets.xcassets */,
				3D07EDFD220F14280058D942 /* LaunchScreen.storyboard */,
				3D07EE00220F14280058D942 /* Info.plist */,
			);
			name = Resources;
			sourceTree = "<group>";
		};
		5E0A55D12336622D00A72FE9 /* Home */ = {
			isa = PBXGroup;
			children = (
				5E0A55E7233668A700A72FE9 /* Content */,
				5E0A55CC2336622500A72FE9 /* HomeViewController.swift */,
				5E0A55CD2336622500A72FE9 /* HomeViewController.xib */,
			);
			path = Home;
			sourceTree = "<group>";
		};
		5E0A55D22336623400A72FE9 /* Profile */ = {
			isa = PBXGroup;
			children = (
				5E0A55D32336624000A72FE9 /* ProfileViewController.swift */,
				5E0A55D42336624000A72FE9 /* ProfileViewController.xib */,
			);
			path = Profile;
			sourceTree = "<group>";
		};
		5E0A55E7233668A700A72FE9 /* Content */ = {
			isa = PBXGroup;
			children = (
				5E70380923376F18000FB048 /* Screen */,
			);
			path = Content;
			sourceTree = "<group>";
		};
		5E0A55F42336710400A72FE9 /* CardView */ = {
			isa = PBXGroup;
			children = (
				5E0A55F023366B9300A72FE9 /* CardView.swift */,
				5E0A55F123366B9300A72FE9 /* CardView.xib */,
			);
			path = CardView;
			sourceTree = "<group>";
		};
		5E70380923376F18000FB048 /* Screen */ = {
			isa = PBXGroup;
			children = (
				5E70380A23376F29000FB048 /* ScreenViewController.swift */,
				5E70380B23376F29000FB048 /* ScreenViewController.xib */,
			);
			path = Screen;
			sourceTree = "<group>";
		};
		5E70380E23378133000FB048 /* Protocol */ = {
			isa = PBXGroup;
			children = (
				5E70380F23378143000FB048 /* PagedStreamView.swift */,
			);
			path = Protocol;
			sourceTree = "<group>";
		};
/* End PBXGroup section */

/* Begin PBXNativeTarget section */
		3D07EDF0220F14250058D942 /* SwipeableView */ = {
			isa = PBXNativeTarget;
			buildConfigurationList = 3D07EE19220F14290058D942 /* Build configuration list for PBXNativeTarget "SwipeableView" */;
			buildPhases = (
				3D07EDED220F14250058D942 /* Sources */,
				3D07EDEE220F14250058D942 /* Frameworks */,
				3D07EDEF220F14250058D942 /* Resources */,
			);
			buildRules = (
			);
			dependencies = (
			);
			name = SwipeableView;
			productName = SwipeableView;
			productReference = 3D07EDF1220F14250058D942 /* SwipeableView.app */;
			productType = "com.apple.product-type.application";
		};
		3D07EE04220F14280058D942 /* SwipeableViewTests */ = {
			isa = PBXNativeTarget;
			buildConfigurationList = 3D07EE1C220F14290058D942 /* Build configuration list for PBXNativeTarget "SwipeableViewTests" */;
			buildPhases = (
				3D07EE01220F14280058D942 /* Sources */,
				3D07EE02220F14280058D942 /* Frameworks */,
				3D07EE03220F14280058D942 /* Resources */,
			);
			buildRules = (
			);
			dependencies = (
				3D07EE07220F14280058D942 /* PBXTargetDependency */,
			);
			name = SwipeableViewTests;
			productName = SwipeableViewTests;
			productReference = 3D07EE05220F14280058D942 /* SwipeableViewTests.xctest */;
			productType = "com.apple.product-type.bundle.unit-test";
		};
		3D07EE0F220F14280058D942 /* SwipeableViewUITests */ = {
			isa = PBXNativeTarget;
			buildConfigurationList = 3D07EE1F220F14290058D942 /* Build configuration list for PBXNativeTarget "SwipeableViewUITests" */;
			buildPhases = (
				3D07EE0C220F14280058D942 /* Sources */,
				3D07EE0D220F14280058D942 /* Frameworks */,
				3D07EE0E220F14280058D942 /* Resources */,
			);
			buildRules = (
			);
			dependencies = (
				3D07EE12220F14280058D942 /* PBXTargetDependency */,
			);
			name = SwipeableViewUITests;
			productName = SwipeableViewUITests;
			productReference = 3D07EE10220F14280058D942 /* SwipeableViewUITests.xctest */;
			productType = "com.apple.product-type.bundle.ui-testing";
		};
/* End PBXNativeTarget section */

/* Begin PBXProject section */
		3D07EDE9220F14250058D942 /* Project object */ = {
			isa = PBXProject;
			attributes = {
				LastSwiftUpdateCheck = 1010;
				LastUpgradeCheck = 1010;
				ORGANIZATIONNAME = William;
				TargetAttributes = {
					3D07EDF0220F14250058D942 = {
						CreatedOnToolsVersion = 10.1;
					};
					3D07EE04220F14280058D942 = {
						CreatedOnToolsVersion = 10.1;
						TestTargetID = 3D07EDF0220F14250058D942;
					};
					3D07EE0F220F14280058D942 = {
						CreatedOnToolsVersion = 10.1;
						TestTargetID = 3D07EDF0220F14250058D942;
					};
				};
			};
			buildConfigurationList = 3D07EDEC220F14250058D942 /* Build configuration list for PBXProject "SwipeableView" */;
			compatibilityVersion = "Xcode 9.3";
			developmentRegion = en;
			hasScannedForEncodings = 0;
			knownRegions = (
				en,
				Base,
			);
			mainGroup = 3D07EDE8220F14250058D942;
			productRefGroup = 3D07EDF2220F14250058D942 /* Products */;
			projectDirPath = "";
			projectRoot = "";
			targets = (
				3D07EDF0220F14250058D942 /* SwipeableView */,
				3D07EE04220F14280058D942 /* SwipeableViewTests */,
				3D07EE0F220F14280058D942 /* SwipeableViewUITests */,
			);
		};
/* End PBXProject section */

/* Begin PBXResourcesBuildPhase section */
		3D07EDEF220F14250058D942 /* Resources */ = {
			isa = PBXResourcesBuildPhase;
			buildActionMask = 2147483647;
			files = (
				3D35FF6C245460E600D2E82B /* HeaderHomeView.xib in Resources */,
				5E70380D23376F29000FB048 /* ScreenViewController.xib in Resources */,
				3D07EDFF220F14280058D942 /* LaunchScreen.storyboard in Resources */,
				3D07EDFC220F14280058D942 /* Assets.xcassets in Resources */,
				5E0A55D62336624000A72FE9 /* ProfileViewController.xib in Resources */,
				5E0A55CF2336622500A72FE9 /* HomeViewController.xib in Resources */,
				3D41509D2455724700EDD09C /* CardViewCell.xib in Resources */,
				5E0A55F323366B9300A72FE9 /* CardView.xib in Resources */,
			);
			runOnlyForDeploymentPostprocessing = 0;
		};
		3D07EE03220F14280058D942 /* Resources */ = {
			isa = PBXResourcesBuildPhase;
			buildActionMask = 2147483647;
			files = (
			);
			runOnlyForDeploymentPostprocessing = 0;
		};
		3D07EE0E220F14280058D942 /* Resources */ = {
			isa = PBXResourcesBuildPhase;
			buildActionMask = 2147483647;
			files = (
			);
			runOnlyForDeploymentPostprocessing = 0;
		};
/* End PBXResourcesBuildPhase section */

/* Begin PBXSourcesBuildPhase section */
		3D07EDED220F14250058D942 /* Sources */ = {
			isa = PBXSourcesBuildPhase;
			buildActionMask = 2147483647;
			files = (
				3D07EDF5220F14260058D942 /* AppDelegate.swift in Sources */,
				5E0A55CA2336615E00A72FE9 /* TabBarController.swift in Sources */,
				5E0A55D52336624000A72FE9 /* ProfileViewController.swift in Sources */,
				5E70381023378143000FB048 /* PagedStreamView.swift in Sources */,
				5E0A55F223366B9300A72FE9 /* CardView.swift in Sources */,
				3D35FF6624545DC700D2E82B /* CircularView.swift in Sources */,
				5E0A55CE2336622500A72FE9 /* HomeViewController.swift in Sources */,
				3D35FF6B245460E600D2E82B /* HeaderHomeView.swift in Sources */,
				5E70380C23376F29000FB048 /* ScreenViewController.swift in Sources */,
				3D41509C2455724700EDD09C /* CardViewCell.swift in Sources */,
				3D4150982455666000EDD09C /* SwipeableCardView.swift in Sources */,
			);
			runOnlyForDeploymentPostprocessing = 0;
		};
		3D07EE01220F14280058D942 /* Sources */ = {
			isa = PBXSourcesBuildPhase;
			buildActionMask = 2147483647;
			files = (
				3D07EE0A220F14280058D942 /* SwipeableViewTests.swift in Sources */,
			);
			runOnlyForDeploymentPostprocessing = 0;
		};
		3D07EE0C220F14280058D942 /* Sources */ = {
			isa = PBXSourcesBuildPhase;
			buildActionMask = 2147483647;
			files = (
				3D07EE15220F14280058D942 /* SwipeableViewUITests.swift in Sources */,
			);
			runOnlyForDeploymentPostprocessing = 0;
		};
/* End PBXSourcesBuildPhase section */

/* Begin PBXTargetDependency section */
		3D07EE07220F14280058D942 /* PBXTargetDependency */ = {
			isa = PBXTargetDependency;
			target = 3D07EDF0220F14250058D942 /* SwipeableView */;
			targetProxy = 3D07EE06220F14280058D942 /* PBXContainerItemProxy */;
		};
		3D07EE12220F14280058D942 /* PBXTargetDependency */ = {
			isa = PBXTargetDependency;
			target = 3D07EDF0220F14250058D942 /* SwipeableView */;
			targetProxy = 3D07EE11220F14280058D942 /* PBXContainerItemProxy */;
		};
/* End PBXTargetDependency section */

/* Begin PBXVariantGroup section */
		3D07EDFD220F14280058D942 /* LaunchScreen.storyboard */ = {
			isa = PBXVariantGroup;
			children = (
				3D07EDFE220F14280058D942 /* Base */,
			);
			name = LaunchScreen.storyboard;
			sourceTree = "<group>";
		};
/* End PBXVariantGroup section */

/* Begin XCBuildConfiguration section */
		3D07EE17220F14290058D942 /* Debug */ = {
			isa = XCBuildConfiguration;
			buildSettings = {
				ALWAYS_SEARCH_USER_PATHS = NO;
				CLANG_ANALYZER_NONNULL = YES;
				CLANG_ANALYZER_NUMBER_OBJECT_CONVERSION = YES_AGGRESSIVE;
				CLANG_CXX_LANGUAGE_STANDARD = "gnu++14";
				CLANG_CXX_LIBRARY = "libc++";
				CLANG_ENABLE_MODULES = YES;
				CLANG_ENABLE_OBJC_ARC = YES;
				CLANG_ENABLE_OBJC_WEAK = YES;
				CLANG_WARN_BLOCK_CAPTURE_AUTORELEASING = YES;
				CLANG_WARN_BOOL_CONVERSION = YES;
				CLANG_WARN_COMMA = YES;
				CLANG_WARN_CONSTANT_CONVERSION = YES;
				CLANG_WARN_DEPRECATED_OBJC_IMPLEMENTATIONS = YES;
				CLANG_WARN_DIRECT_OBJC_ISA_USAGE = YES_ERROR;
				CLANG_WARN_DOCUMENTATION_COMMENTS = YES;
				CLANG_WARN_EMPTY_BODY = YES;
				CLANG_WARN_ENUM_CONVERSION = YES;
				CLANG_WARN_INFINITE_RECURSION = YES;
				CLANG_WARN_INT_CONVERSION = YES;
				CLANG_WARN_NON_LITERAL_NULL_CONVERSION = YES;
				CLANG_WARN_OBJC_IMPLICIT_RETAIN_SELF = YES;
				CLANG_WARN_OBJC_LITERAL_CONVERSION = YES;
				CLANG_WARN_OBJC_ROOT_CLASS = YES_ERROR;
				CLANG_WARN_RANGE_LOOP_ANALYSIS = YES;
				CLANG_WARN_STRICT_PROTOTYPES = YES;
				CLANG_WARN_SUSPICIOUS_MOVE = YES;
				CLANG_WARN_UNGUARDED_AVAILABILITY = YES_AGGRESSIVE;
				CLANG_WARN_UNREACHABLE_CODE = YES;
				CLANG_WARN__DUPLICATE_METHOD_MATCH = YES;
				CODE_SIGN_IDENTITY = "iPhone Developer";
				COPY_PHASE_STRIP = NO;
				DEBUG_INFORMATION_FORMAT = dwarf;
				ENABLE_STRICT_OBJC_MSGSEND = YES;
				ENABLE_TESTABILITY = YES;
				GCC_C_LANGUAGE_STANDARD = gnu11;
				GCC_DYNAMIC_NO_PIC = NO;
				GCC_NO_COMMON_BLOCKS = YES;
				GCC_OPTIMIZATION_LEVEL = 0;
				GCC_PREPROCESSOR_DEFINITIONS = (
					"DEBUG=1",
					"$(inherited)",
				);
				GCC_WARN_64_TO_32_BIT_CONVERSION = YES;
				GCC_WARN_ABOUT_RETURN_TYPE = YES_ERROR;
				GCC_WARN_UNDECLARED_SELECTOR = YES;
				GCC_WARN_UNINITIALIZED_AUTOS = YES_AGGRESSIVE;
				GCC_WARN_UNUSED_FUNCTION = YES;
				GCC_WARN_UNUSED_VARIABLE = YES;
				IPHONEOS_DEPLOYMENT_TARGET = 12.1;
				MTL_ENABLE_DEBUG_INFO = INCLUDE_SOURCE;
				MTL_FAST_MATH = YES;
				ONLY_ACTIVE_ARCH = YES;
				SDKROOT = iphoneos;
				SWIFT_ACTIVE_COMPILATION_CONDITIONS = DEBUG;
				SWIFT_OPTIMIZATION_LEVEL = "-Onone";
			};
			name = Debug;
		};
		3D07EE18220F14290058D942 /* Release */ = {
			isa = XCBuildConfiguration;
			buildSettings = {
				ALWAYS_SEARCH_USER_PATHS = NO;
				CLANG_ANALYZER_NONNULL = YES;
				CLANG_ANALYZER_NUMBER_OBJECT_CONVERSION = YES_AGGRESSIVE;
				CLANG_CXX_LANGUAGE_STANDARD = "gnu++14";
				CLANG_CXX_LIBRARY = "libc++";
				CLANG_ENABLE_MODULES = YES;
				CLANG_ENABLE_OBJC_ARC = YES;
				CLANG_ENABLE_OBJC_WEAK = YES;
				CLANG_WARN_BLOCK_CAPTURE_AUTORELEASING = YES;
				CLANG_WARN_BOOL_CONVERSION = YES;
				CLANG_WARN_COMMA = YES;
				CLANG_WARN_CONSTANT_CONVERSION = YES;
				CLANG_WARN_DEPRECATED_OBJC_IMPLEMENTATIONS = YES;
				CLANG_WARN_DIRECT_OBJC_ISA_USAGE = YES_ERROR;
				CLANG_WARN_DOCUMENTATION_COMMENTS = YES;
				CLANG_WARN_EMPTY_BODY = YES;
				CLANG_WARN_ENUM_CONVERSION = YES;
				CLANG_WARN_INFINITE_RECURSION = YES;
				CLANG_WARN_INT_CONVERSION = YES;
				CLANG_WARN_NON_LITERAL_NULL_CONVERSION = YES;
				CLANG_WARN_OBJC_IMPLICIT_RETAIN_SELF = YES;
				CLANG_WARN_OBJC_LITERAL_CONVERSION = YES;
				CLANG_WARN_OBJC_ROOT_CLASS = YES_ERROR;
				CLANG_WARN_RANGE_LOOP_ANALYSIS = YES;
				CLANG_WARN_STRICT_PROTOTYPES = YES;
				CLANG_WARN_SUSPICIOUS_MOVE = YES;
				CLANG_WARN_UNGUARDED_AVAILABILITY = YES_AGGRESSIVE;
				CLANG_WARN_UNREACHABLE_CODE = YES;
				CLANG_WARN__DUPLICATE_METHOD_MATCH = YES;
				CODE_SIGN_IDENTITY = "iPhone Developer";
				COPY_PHASE_STRIP = NO;
				DEBUG_INFORMATION_FORMAT = "dwarf-with-dsym";
				ENABLE_NS_ASSERTIONS = NO;
				ENABLE_STRICT_OBJC_MSGSEND = YES;
				GCC_C_LANGUAGE_STANDARD = gnu11;
				GCC_NO_COMMON_BLOCKS = YES;
				GCC_WARN_64_TO_32_BIT_CONVERSION = YES;
				GCC_WARN_ABOUT_RETURN_TYPE = YES_ERROR;
				GCC_WARN_UNDECLARED_SELECTOR = YES;
				GCC_WARN_UNINITIALIZED_AUTOS = YES_AGGRESSIVE;
				GCC_WARN_UNUSED_FUNCTION = YES;
				GCC_WARN_UNUSED_VARIABLE = YES;
				IPHONEOS_DEPLOYMENT_TARGET = 12.1;
				MTL_ENABLE_DEBUG_INFO = NO;
				MTL_FAST_MATH = YES;
				SDKROOT = iphoneos;
				SWIFT_COMPILATION_MODE = wholemodule;
				SWIFT_OPTIMIZATION_LEVEL = "-O";
				VALIDATE_PRODUCT = YES;
			};
			name = Release;
		};
		3D07EE1A220F14290058D942 /* Debug */ = {
			isa = XCBuildConfiguration;
			buildSettings = {
				ASSETCATALOG_COMPILER_APPICON_NAME = AppIcon;
				CODE_SIGN_STYLE = Automatic;
				DEVELOPMENT_TEAM = BY8P5XC76R;
				INFOPLIST_FILE = SwipeableView/Info.plist;
				LD_RUNPATH_SEARCH_PATHS = (
					"$(inherited)",
					"@executable_path/Frameworks",
				);
				PRODUCT_BUNDLE_IDENTIFIER = com.example.SwipeableView;
				PRODUCT_NAME = "$(TARGET_NAME)";
				SWIFT_VERSION = 4.2;
				TARGETED_DEVICE_FAMILY = "1,2";
			};
			name = Debug;
		};
		3D07EE1B220F14290058D942 /* Release */ = {
			isa = XCBuildConfiguration;
			buildSettings = {
				ASSETCATALOG_COMPILER_APPICON_NAME = AppIcon;
				CODE_SIGN_STYLE = Automatic;
				DEVELOPMENT_TEAM = BY8P5XC76R;
				INFOPLIST_FILE = SwipeableView/Info.plist;
				LD_RUNPATH_SEARCH_PATHS = (
					"$(inherited)",
					"@executable_path/Frameworks",
				);
				PRODUCT_BUNDLE_IDENTIFIER = com.example.SwipeableView;
				PRODUCT_NAME = "$(TARGET_NAME)";
				SWIFT_VERSION = 4.2;
				TARGETED_DEVICE_FAMILY = "1,2";
			};
			name = Release;
		};
		3D07EE1D220F14290058D942 /* Debug */ = {
			isa = XCBuildConfiguration;
			buildSettings = {
				ALWAYS_EMBED_SWIFT_STANDARD_LIBRARIES = YES;
				BUNDLE_LOADER = "$(TEST_HOST)";
				CODE_SIGN_STYLE = Automatic;
				DEVELOPMENT_TEAM = WBAVZB9C7A;
				INFOPLIST_FILE = SwipeableViewTests/Info.plist;
				LD_RUNPATH_SEARCH_PATHS = (
					"$(inherited)",
					"@executable_path/Frameworks",
					"@loader_path/Frameworks",
				);
				PRODUCT_BUNDLE_IDENTIFIER = com.example.SwipeableViewTests;
				PRODUCT_NAME = "$(TARGET_NAME)";
				SWIFT_VERSION = 4.2;
				TARGETED_DEVICE_FAMILY = "1,2";
				TEST_HOST = "$(BUILT_PRODUCTS_DIR)/SwipeableView.app/SwipeableView";
			};
			name = Debug;
		};
		3D07EE1E220F14290058D942 /* Release */ = {
			isa = XCBuildConfiguration;
			buildSettings = {
				ALWAYS_EMBED_SWIFT_STANDARD_LIBRARIES = YES;
				BUNDLE_LOADER = "$(TEST_HOST)";
				CODE_SIGN_STYLE = Automatic;
				DEVELOPMENT_TEAM = WBAVZB9C7A;
				INFOPLIST_FILE = SwipeableViewTests/Info.plist;
				LD_RUNPATH_SEARCH_PATHS = (
					"$(inherited)",
					"@executable_path/Frameworks",
					"@loader_path/Frameworks",
				);
				PRODUCT_BUNDLE_IDENTIFIER = com.example.SwipeableViewTests;
				PRODUCT_NAME = "$(TARGET_NAME)";
				SWIFT_VERSION = 4.2;
				TARGETED_DEVICE_FAMILY = "1,2";
				TEST_HOST = "$(BUILT_PRODUCTS_DIR)/SwipeableView.app/SwipeableView";
			};
			name = Release;
		};
		3D07EE20220F14290058D942 /* Debug */ = {
			isa = XCBuildConfiguration;
			buildSettings = {
				ALWAYS_EMBED_SWIFT_STANDARD_LIBRARIES = YES;
				CODE_SIGN_STYLE = Automatic;
				DEVELOPMENT_TEAM = WBAVZB9C7A;
				INFOPLIST_FILE = SwipeableViewUITests/Info.plist;
				LD_RUNPATH_SEARCH_PATHS = (
					"$(inherited)",
					"@executable_path/Frameworks",
					"@loader_path/Frameworks",
				);
				PRODUCT_BUNDLE_IDENTIFIER = com.example.SwipeableViewUITests;
				PRODUCT_NAME = "$(TARGET_NAME)";
				SWIFT_VERSION = 4.2;
				TARGETED_DEVICE_FAMILY = "1,2";
				TEST_TARGET_NAME = SwipeableView;
			};
			name = Debug;
		};
		3D07EE21220F14290058D942 /* Release */ = {
			isa = XCBuildConfiguration;
			buildSettings = {
				ALWAYS_EMBED_SWIFT_STANDARD_LIBRARIES = YES;
				CODE_SIGN_STYLE = Automatic;
				DEVELOPMENT_TEAM = WBAVZB9C7A;
				INFOPLIST_FILE = SwipeableViewUITests/Info.plist;
				LD_RUNPATH_SEARCH_PATHS = (
					"$(inherited)",
					"@executable_path/Frameworks",
					"@loader_path/Frameworks",
				);
				PRODUCT_BUNDLE_IDENTIFIER = com.example.SwipeableViewUITests;
				PRODUCT_NAME = "$(TARGET_NAME)";
				SWIFT_VERSION = 4.2;
				TARGETED_DEVICE_FAMILY = "1,2";
				TEST_TARGET_NAME = SwipeableView;
			};
			name = Release;
		};
/* End XCBuildConfiguration section */

/* Begin XCConfigurationList section */
		3D07EDEC220F14250058D942 /* Build configuration list for PBXProject "SwipeableView" */ = {
			isa = XCConfigurationList;
			buildConfigurations = (
				3D07EE17220F14290058D942 /* Debug */,
				3D07EE18220F14290058D942 /* Release */,
			);
			defaultConfigurationIsVisible = 0;
			defaultConfigurationName = Release;
		};
		3D07EE19220F14290058D942 /* Build configuration list for PBXNativeTarget "SwipeableView" */ = {
			isa = XCConfigurationList;
			buildConfigurations = (
				3D07EE1A220F14290058D942 /* Debug */,
				3D07EE1B220F14290058D942 /* Release */,
			);
			defaultConfigurationIsVisible = 0;
			defaultConfigurationName = Release;
		};
		3D07EE1C220F14290058D942 /* Build configuration list for PBXNativeTarget "SwipeableViewTests" */ = {
			isa = XCConfigurationList;
			buildConfigurations = (
				3D07EE1D220F14290058D942 /* Debug */,
				3D07EE1E220F14290058D942 /* Release */,
			);
			defaultConfigurationIsVisible = 0;
			defaultConfigurationName = Release;
		};
		3D07EE1F220F14290058D942 /* Build configuration list for PBXNativeTarget "SwipeableViewUITests" */ = {
			isa = XCConfigurationList;
			buildConfigurations = (
				3D07EE20220F14290058D942 /* Debug */,
				3D07EE21220F14290058D942 /* Release */,
			);
			defaultConfigurationIsVisible = 0;
			defaultConfigurationName = Release;
		};
/* End XCConfigurationList section */
	};
	rootObject = 3D07EDE9220F14250058D942 /* Project object */;
}
